// !$*UTF8*$!
{
	archiveVersion = 1;
	classes = {
	};
	objectVersion = 46;
	objects = {

/* Begin PBXBuildFile section */
		1CDACC5A1635239A00D8559D /* UIKit.framework in Frameworks */ = {isa = PBXBuildFile; fileRef = 1CDACC591635239A00D8559D /* UIKit.framework */; };
		1CDACC5C1635239A00D8559D /* Foundation.framework in Frameworks */ = {isa = PBXBuildFile; fileRef = 1CDACC5B1635239A00D8559D /* Foundation.framework */; };
		1CDACC5E1635239A00D8559D /* CoreGraphics.framework in Frameworks */ = {isa = PBXBuildFile; fileRef = 1CDACC5D1635239A00D8559D /* CoreGraphics.framework */; };
		1CDACC641635239A00D8559D /* InfoPlist.strings in Resources */ = {isa = PBXBuildFile; fileRef = 1CDACC621635239A00D8559D /* InfoPlist.strings */; };
		1CDACC661635239A00D8559D /* main.m in Sources */ = {isa = PBXBuildFile; fileRef = 1CDACC651635239A00D8559D /* main.m */; };
		1CDACC6A1635239A00D8559D /* NAAppDelegate.m in Sources */ = {isa = PBXBuildFile; fileRef = 1CDACC691635239A00D8559D /* NAAppDelegate.m */; };
		1CDACC6C1635239A00D8559D /* Default.png in Resources */ = {isa = PBXBuildFile; fileRef = 1CDACC6B1635239A00D8559D /* Default.png */; };
		1CDACC6E1635239A00D8559D /* Default@2x.png in Resources */ = {isa = PBXBuildFile; fileRef = 1CDACC6D1635239A00D8559D /* Default@2x.png */; };
		1CDACC701635239A00D8559D /* Default-568h@2x.png in Resources */ = {isa = PBXBuildFile; fileRef = 1CDACC6F1635239A00D8559D /* Default-568h@2x.png */; };
		1CDACC731635239A00D8559D /* NAViewController.m in Sources */ = {isa = PBXBuildFile; fileRef = 1CDACC721635239A00D8559D /* NAViewController.m */; };
		1CDACC761635239A00D8559D /* NAViewController.xib in Resources */ = {isa = PBXBuildFile; fileRef = 1CDACC741635239A00D8559D /* NAViewController.xib */; };
		1CDACC7D163523DD00D8559D /* Names.plist in Resources */ = {isa = PBXBuildFile; fileRef = 1CDACC7C163523DD00D8559D /* Names.plist */; };
/* End PBXBuildFile section */

/* Begin PBXFileReference section */
		1CDACC551635239A00D8559D /* SNA.app */ = {isa = PBXFileReference; explicitFileType = wrapper.application; includeInIndex = 0; path = SNA.app; sourceTree = BUILT_PRODUCTS_DIR; };
		1CDACC591635239A00D8559D /* UIKit.framework */ = {isa = PBXFileReference; lastKnownFileType = wrapper.framework; name = UIKit.framework; path = System/Library/Frameworks/UIKit.framework; sourceTree = SDKROOT; };
		1CDACC5B1635239A00D8559D /* Foundation.framework */ = {isa = PBXFileReference; lastKnownFileType = wrapper.framework; name = Foundation.framework; path = System/Library/Frameworks/Foundation.framework; sourceTree = SDKROOT; };
		1CDACC5D1635239A00D8559D /* CoreGraphics.framework */ = {isa = PBXFileReference; lastKnownFileType = wrapper.framework; name = CoreGraphics.framework; path = System/Library/Frameworks/CoreGraphics.framework; sourceTree = SDKROOT; };
		1CDACC611635239A00D8559D /* SNA-Info.plist */ = {isa = PBXFileReference; lastKnownFileType = text.plist.xml; path = "SNA-Info.plist"; sourceTree = "<group>"; };
		1CDACC631635239A00D8559D /* en */ = {isa = PBXFileReference; lastKnownFileType = text.plist.strings; name = en; path = en.lproj/InfoPlist.strings; sourceTree = "<group>"; };
		1CDACC651635239A00D8559D /* main.m */ = {isa = PBXFileReference; lastKnownFileType = sourcecode.c.objc; path = main.m; sourceTree = "<group>"; };
		1CDACC671635239A00D8559D /* SNA-Prefix.pch */ = {isa = PBXFileReference; lastKnownFileType = sourcecode.c.h; path = "SNA-Prefix.pch"; sourceTree = "<group>"; };
		1CDACC681635239A00D8559D /* NAAppDelegate.h */ = {isa = PBXFileReference; lastKnownFileType = sourcecode.c.h; path = NAAppDelegate.h; sourceTree = "<group>"; };
		1CDACC691635239A00D8559D /* NAAppDelegate.m */ = {isa = PBXFileReference; lastKnownFileType = sourcecode.c.objc; path = NAAppDelegate.m; sourceTree = "<group>"; };
		1CDACC6B1635239A00D8559D /* Default.png */ = {isa = PBXFileReference; lastKnownFileType = image.png; path = Default.png; sourceTree = "<group>"; };
		1CDACC6D1635239A00D8559D /* Default@2x.png */ = {isa = PBXFileReference; lastKnownFileType = image.png; path = "Default@2x.png"; sourceTree = "<group>"; };
		1CDACC6F1635239A00D8559D /* Default-568h@2x.png */ = {isa = PBXFileReference; lastKnownFileType = image.png; path = "Default-568h@2x.png"; sourceTree = "<group>"; };
		1CDACC711635239A00D8559D /* NAViewController.h */ = {isa = PBXFileReference; lastKnownFileType = sourcecode.c.h; path = NAViewController.h; sourceTree = "<group>"; };
		1CDACC721635239A00D8559D /* NAViewController.m */ = {isa = PBXFileReference; lastKnownFileType = sourcecode.c.objc; path = NAViewController.m; sourceTree = "<group>"; };
		1CDACC751635239A00D8559D /* en */ = {isa = PBXFileReference; lastKnownFileType = file.xib; name = en; path = en.lproj/NAViewController.xib; sourceTree = "<group>"; };
		1CDACC7C163523DD00D8559D /* Names.plist */ = {isa = PBXFileReference; fileEncoding = 4; lastKnownFileType = text.plist.xml; path = Names.plist; sourceTree = "<group>"; };
/* End PBXFileReference section */

/* Begin PBXFrameworksBuildPhase section */
		1CDACC521635239A00D8559D /* Frameworks */ = {
			isa = PBXFrameworksBuildPhase;
			buildActionMask = 2147483647;
			files = (
				1CDACC5A1635239A00D8559D /* UIKit.framework in Frameworks */,
				1CDACC5C1635239A00D8559D /* Foundation.framework in Frameworks */,
				1CDACC5E1635239A00D8559D /* CoreGraphics.framework in Frameworks */,
			);
			runOnlyForDeploymentPostprocessing = 0;
		};
/* End PBXFrameworksBuildPhase section */

/* Begin PBXGroup section */
		1CDACC4A1635239A00D8559D = {
			isa = PBXGroup;
			children = (
				1CDACC5F1635239A00D8559D /* SNA */,
				1CDACC581635239A00D8559D /* Frameworks */,
				1CDACC561635239A00D8559D /* Products */,
			);
			sourceTree = "<group>";
		};
		1CDACC561635239A00D8559D /* Products */ = {
			isa = PBXGroup;
			children = (
				1CDACC551635239A00D8559D /* SNA.app */,
			);
			name = Products;
			sourceTree = "<group>";
		};
		1CDACC581635239A00D8559D /* Frameworks */ = {
			isa = PBXGroup;
			children = (
				1CDACC591635239A00D8559D /* UIKit.framework */,
				1CDACC5B1635239A00D8559D /* Foundation.framework */,
				1CDACC5D1635239A00D8559D /* CoreGraphics.framework */,
			);
			name = Frameworks;
			sourceTree = "<group>";
		};
		1CDACC5F1635239A00D8559D /* SNA */ = {
			isa = PBXGroup;
			children = (
				1CDACC681635239A00D8559D /* NAAppDelegate.h */,
				1CDACC7C163523DD00D8559D /* Names.plist */,
				1CDACC691635239A00D8559D /* NAAppDelegate.m */,
				1CDACC711635239A00D8559D /* NAViewController.h */,
				1CDACC721635239A00D8559D /* NAViewController.m */,
				1CDACC741635239A00D8559D /* NAViewController.xib */,
				1CDACC601635239A00D8559D /* Supporting Files */,
			);
			path = SNA;
			sourceTree = "<group>";
		};
		1CDACC601635239A00D8559D /* Supporting Files */ = {
			isa = PBXGroup;
			children = (
				1CDACC611635239A00D8559D /* SNA-Info.plist */,
				1CDACC621635239A00D8559D /* InfoPlist.strings */,
				1CDACC651635239A00D8559D /* main.m */,
				1CDACC671635239A00D8559D /* SNA-Prefix.pch */,
				1CDACC6B1635239A00D8559D /* Default.png */,
				1CDACC6D1635239A00D8559D /* Default@2x.png */,
				1CDACC6F1635239A00D8559D /* Default-568h@2x.png */,
			);
			name = "Supporting Files";
			sourceTree = "<group>";
		};
/* End PBXGroup section */

/* Begin PBXNativeTarget section */
		1CDACC541635239A00D8559D /* SNA */ = {
			isa = PBXNativeTarget;
			buildConfigurationList = 1CDACC791635239A00D8559D /* Build configuration list for PBXNativeTarget "SNA" */;
			buildPhases = (
				1CDACC511635239A00D8559D /* Sources */,
				1CDACC521635239A00D8559D /* Frameworks */,
				1CDACC531635239A00D8559D /* Resources */,
			);
			buildRules = (
			);
			dependencies = (
			);
			name = SNA;
			productName = SNA;
			productReference = 1CDACC551635239A00D8559D /* SNA.app */;
			productType = "com.apple.product-type.application";
		};
/* End PBXNativeTarget section */

/* Begin PBXProject section */
		1CDACC4C1635239A00D8559D /* Project object */ = {
			isa = PBXProject;
			attributes = {
				CLASSPREFIX = NA;
				LastUpgradeCheck = 0450;
				ORGANIZATIONNAME = JMCX;
			};
			buildConfigurationList = 1CDACC4F1635239A00D8559D /* Build configuration list for PBXProject "SNA" */;
			compatibilityVersion = "Xcode 3.2";
			developmentRegion = English;
			hasScannedForEncodings = 0;
			knownRegions = (
				en,
			);
			mainGroup = 1CDACC4A1635239A00D8559D;
			productRefGroup = 1CDACC561635239A00D8559D /* Products */;
			projectDirPath = "";
			projectRoot = "";
			targets = (
				1CDACC541635239A00D8559D /* SNA */,
			);
		};
/* End PBXProject section */

/* Begin PBXResourcesBuildPhase section */
		1CDACC531635239A00D8559D /* Resources */ = {
			isa = PBXResourcesBuildPhase;
			buildActionMask = 2147483647;
			files = (
				1CDACC641635239A00D8559D /* InfoPlist.strings in Resources */,
				1CDACC6C1635239A00D8559D /* Default.png in Resources */,
				1CDACC6E1635239A00D8559D /* Default@2x.png in Resources */,
				1CDACC701635239A00D8559D /* Default-568h@2x.png in Resources */,
				1CDACC761635239A00D8559D /* NAViewController.xib in Resources */,
				1CDACC7D163523DD00D8559D /* Names.plist in Resources */,
			);
			runOnlyForDeploymentPostprocessing = 0;
		};
/* End PBXResourcesBuildPhase section */

/* Begin PBXSourcesBuildPhase section */
		1CDACC511635239A00D8559D /* Sources */ = {
			isa = PBXSourcesBuildPhase;
			buildActionMask = 2147483647;
			files = (
				1CDACC661635239A00D8559D /* main.m in Sources */,
				1CDACC6A1635239A00D8559D /* NAAppDelegate.m in Sources */,
				1CDACC731635239A00D8559D /* NAViewController.m in Sources */,
			);
			runOnlyForDeploymentPostprocessing = 0;
		};
/* End PBXSourcesBuildPhase section */

/* Begin PBXVariantGroup section */
		1CDACC621635239A00D8559D /* InfoPlist.strings */ = {
			isa = PBXVariantGroup;
			children = (
				1CDACC631635239A00D8559D /* en */,
			);
			name = InfoPlist.strings;
			sourceTree = "<group>";
		};
		1CDACC741635239A00D8559D /* NAViewController.xib */ = {
			isa = PBXVariantGroup;
			children = (
				1CDACC751635239A00D8559D /* en */,
			);
			name = NAViewController.xib;
			sourceTree = "<group>";
		};
/* End PBXVariantGroup section */

/* Begin XCBuildConfiguration section */
		1CDACC771635239A00D8559D /* Debug */ = {
			isa = XCBuildConfiguration;
			buildSettings = {
				ALWAYS_SEARCH_USER_PATHS = NO;
				CLANG_CXX_LANGUAGE_STANDARD = "gnu++0x";
				CLANG_CXX_LIBRARY = "libc++";
				CLANG_ENABLE_OBJC_ARC = YES;
				CLANG_WARN_EMPTY_BODY = YES;
				CLANG_WARN__DUPLICATE_METHOD_MATCH = YES;
				"CODE_SIGN_IDENTITY[sdk=iphoneos*]" = "iPhone Developer";
				COPY_PHASE_STRIP = NO;
				GCC_C_LANGUAGE_STANDARD = gnu99;
				GCC_DYNAMIC_NO_PIC = NO;
				GCC_OPTIMIZATION_LEVEL = 0;
				GCC_PREPROCESSOR_DEFINITIONS = (
					"DEBUG=1",
					"$(inherited)",
				);
				GCC_SYMBOLS_PRIVATE_EXTERN = NO;
				GCC_WARN_ABOUT_RETURN_TYPE = YES;
				GCC_WARN_UNINITIALIZED_AUTOS = YES;
				GCC_WARN_UNUSED_VARIABLE = YES;
				IPHONEOS_DEPLOYMENT_TARGET = 6.0;
				SDKROOT = iphoneos;
			};
			name = Debug;
		};
		1CDACC781635239A00D8559D /* Release */ = {
			isa = XCBuildConfiguration;
			buildSettings = {
				ALWAYS_SEARCH_USER_PATHS = NO;
				CLANG_CXX_LANGUAGE_STANDARD = "gnu++0x";
				CLANG_CXX_LIBRARY = "libc++";
				CLANG_ENABLE_OBJC_ARC = YES;
				CLANG_WARN_EMPTY_BODY = YES;
				CLANG_WARN__DUPLICATE_METHOD_MATCH = YES;
				"CODE_SIGN_IDENTITY[sdk=iphoneos*]" = "iPhone Developer";
				COPY_PHASE_STRIP = YES;
				GCC_C_LANGUAGE_STANDARD = gnu99;
				GCC_WARN_ABOUT_RETURN_TYPE = YES;
				GCC_WARN_UNINITIALIZED_AUTOS = YES;
				GCC_WARN_UNUSED_VARIABLE = YES;
				IPHONEOS_DEPLOYMENT_TARGET = 6.0;
				OTHER_CFLAGS = "-DNS_BLOCK_ASSERTIONS=1";
				SDKROOT = iphoneos;
				VALIDATE_PRODUCT = YES;
			};
			name = Release;
		};
		1CDACC7A1635239A00D8559D /* Debug */ = {
			isa = XCBuildConfiguration;
			buildSettings = {
				GCC_PRECOMPILE_PREFIX_HEADER = YES;
				GCC_PREFIX_HEADER = "SNA/SNA-Prefix.pch";
				INFOPLIST_FILE = "SNA/SNA-Info.plist";
				PRODUCT_NAME = "$(TARGET_NAME)";
				WRAPPER_EXTENSION = app;
			};
			name = Debug;
		};
		1CDACC7B1635239A00D8559D /* Release */ = {
			isa = XCBuildConfiguration;
			buildSettings = {
				GCC_PRECOMPILE_PREFIX_HEADER = YES;
				GCC_PREFIX_HEADER = "SNA/SNA-Prefix.pch";
				INFOPLIST_FILE = "SNA/SNA-Info.plist";
				PRODUCT_NAME = "$(TARGET_NAME)";
				WRAPPER_EXTENSION = app;
			};
			name = Release;
		};
/* End XCBuildConfiguration section */

/* Begin XCConfigurationList section */
		1CDACC4F1635239A00D8559D /* Build configuration list for PBXProject "SNA" */ = {
			isa = XCConfigurationList;
			buildConfigurations = (
				1CDACC771635239A00D8559D /* Debug */,
				1CDACC781635239A00D8559D /* Release */,
			);
			defaultConfigurationIsVisible = 0;
			defaultConfigurationName = Release;
		};
		1CDACC791635239A00D8559D /* Build configuration list for PBXNativeTarget "SNA" */ = {
			isa = XCConfigurationList;
			buildConfigurations = (
				1CDACC7A1635239A00D8559D /* Debug */,
				1CDACC7B1635239A00D8559D /* Release */,
			);
			defaultConfigurationIsVisible = 0;
		};
/* End XCConfigurationList section */
	};
	rootObject = 1CDACC4C1635239A00D8559D /* Project object */;
}
